
Microsoft Visual Studio Solution File, Format Version 12.00
# Visual Studio Version 16
VisualStudioVersion = 16.0.29318.209
MinimumVisualStudioVersion = 10.0.40219.1
Project("{FAE04EC0-301F-11D3-BF4B-00C04F79EFBC}") = "TwitchNotifier", "TwitchNotifier\TwitchNotifier.csproj", "{0DA43248-0CC8-4D70-8DC8-15B072AA1D4B}"
EndProject
Global
	GlobalSection(SolutionConfigurationPlatforms) = preSolution
		Debug|Any CPU = Debug|Any CPU
		Release|Any CPU = Release|Any CPU
	EndGlobalSection
	GlobalSection(ProjectConfigurationPlatforms) = postSolution
		{0DA43248-0CC8-4D70-8DC8-15B072AA1D4B}.Debug|Any CPU.ActiveCfg = Debug|Any CPU
		{0DA43248-0CC8-4D70-8DC8-15B072AA1D4B}.Debug|Any CPU.Build.0 = Debug|Any CPU
		{0DA43248-0CC8-4D70-8DC8-15B072AA1D4B}.Release|Any CPU.ActiveCfg = Release|Any CPU
		{0DA43248-0CC8-4D70-8DC8-15B072AA1D4B}.Release|Any CPU.Build.0 = Release|Any CPU
	EndGlobalSection
	GlobalSection(SolutionProperties) = preSolution
		HideSolutionNode = FALSE
	EndGlobalSection
	GlobalSection(ExtensibilityGlobals) = postSolution
		SolutionGuid = {569FD7AF-5C78-4277-908E-EBBAD2B8BAB1}
	EndGlobalSection
EndGlobal
